// !$*UTF8*$!
{
	archiveVersion = 1;
	classes = {
	};
	objectVersion = 55;
	objects = {

/* Begin PBXBuildFile section */
		05269E712882C5F4003E5404 /* NutrientsCalculatorApp.swift in Sources */ = {isa = PBXBuildFile; fileRef = 05269E702882C5F4003E5404 /* NutrientsCalculatorApp.swift */; };
		05269E732882C5F4003E5404 /* ContentView.swift in Sources */ = {isa = PBXBuildFile; fileRef = 05269E722882C5F4003E5404 /* ContentView.swift */; };
		05269E752882C5F9003E5404 /* Assets.xcassets in Resources */ = {isa = PBXBuildFile; fileRef = 05269E742882C5F9003E5404 /* Assets.xcassets */; };
		05269E782882C5F9003E5404 /* Preview Assets.xcassets in Resources */ = {isa = PBXBuildFile; fileRef = 05269E772882C5F9003E5404 /* Preview Assets.xcassets */; };
		05269E822882C5FA003E5404 /* NutrientsCalculatorTests.swift in Sources */ = {isa = PBXBuildFile; fileRef = 05269E812882C5FA003E5404 /* NutrientsCalculatorTests.swift */; };
		05269E8C2882C5FA003E5404 /* NutrientsCalculatorUITests.swift in Sources */ = {isa = PBXBuildFile; fileRef = 05269E8B2882C5FA003E5404 /* NutrientsCalculatorUITests.swift */; };
		05269E8E2882C5FA003E5404 /* NutrientsCalculatorUITestsLaunchTests.swift in Sources */ = {isa = PBXBuildFile; fileRef = 05269E8D2882C5FA003E5404 /* NutrientsCalculatorUITestsLaunchTests.swift */; };
		05269E9D28832D26003E5404 /* Storage.swift in Sources */ = {isa = PBXBuildFile; fileRef = 05269E9C28832D26003E5404 /* Storage.swift */; };
		05269E9F28832D60003E5404 /* NutrientEntity.swift in Sources */ = {isa = PBXBuildFile; fileRef = 05269E9E28832D60003E5404 /* NutrientEntity.swift */; };
		05269EA128832DE8003E5404 /* NutrientRecordEntity.swift in Sources */ = {isa = PBXBuildFile; fileRef = 05269EA028832DE8003E5404 /* NutrientRecordEntity.swift */; };
		05269EA72883352C003E5404 /* OverviewView.swift in Sources */ = {isa = PBXBuildFile; fileRef = 05269EA62883352C003E5404 /* OverviewView.swift */; };
		C3F32443D3B0055396D3ABD5 /* Pods_NutrientsCalculator.framework in Frameworks */ = {isa = PBXBuildFile; fileRef = 29667C3D177A317BF6700747 /* Pods_NutrientsCalculator.framework */; };
		C68815164EBC3788353460BF /* Pods_NutrientsCalculator_NutrientsCalculatorUITests.framework in Frameworks */ = {isa = PBXBuildFile; fileRef = 881EF5D1ECD553FF001614E1 /* Pods_NutrientsCalculator_NutrientsCalculatorUITests.framework */; };
		F190CCEC1C62CDD47087B38D /* Pods_NutrientsCalculatorTests.framework in Frameworks */ = {isa = PBXBuildFile; fileRef = 3C3AE718DE3EF387B20066B9 /* Pods_NutrientsCalculatorTests.framework */; };
/* End PBXBuildFile section */

/* Begin PBXContainerItemProxy section */
		05269E7E2882C5FA003E5404 /* PBXContainerItemProxy */ = {
			isa = PBXContainerItemProxy;
			containerPortal = 05269E652882C5F4003E5404 /* Project object */;
			proxyType = 1;
			remoteGlobalIDString = 05269E6C2882C5F4003E5404;
			remoteInfo = NutrientsCalculator;
		};
		05269E882882C5FA003E5404 /* PBXContainerItemProxy */ = {
			isa = PBXContainerItemProxy;
			containerPortal = 05269E652882C5F4003E5404 /* Project object */;
			proxyType = 1;
			remoteGlobalIDString = 05269E6C2882C5F4003E5404;
			remoteInfo = NutrientsCalculator;
		};
/* End PBXContainerItemProxy section */

/* Begin PBXFileReference section */
		05269E6D2882C5F4003E5404 /* NutrientsCalculator.app */ = {isa = PBXFileReference; explicitFileType = wrapper.application; includeInIndex = 0; path = NutrientsCalculator.app; sourceTree = BUILT_PRODUCTS_DIR; };
		05269E702882C5F4003E5404 /* NutrientsCalculatorApp.swift */ = {isa = PBXFileReference; lastKnownFileType = sourcecode.swift; path = NutrientsCalculatorApp.swift; sourceTree = "<group>"; };
		05269E722882C5F4003E5404 /* ContentView.swift */ = {isa = PBXFileReference; lastKnownFileType = sourcecode.swift; path = ContentView.swift; sourceTree = "<group>"; };
		05269E742882C5F9003E5404 /* Assets.xcassets */ = {isa = PBXFileReference; lastKnownFileType = folder.assetcatalog; path = Assets.xcassets; sourceTree = "<group>"; };
		05269E772882C5F9003E5404 /* Preview Assets.xcassets */ = {isa = PBXFileReference; lastKnownFileType = folder.assetcatalog; path = "Preview Assets.xcassets"; sourceTree = "<group>"; };
		05269E7D2882C5FA003E5404 /* NutrientsCalculatorTests.xctest */ = {isa = PBXFileReference; explicitFileType = wrapper.cfbundle; includeInIndex = 0; path = NutrientsCalculatorTests.xctest; sourceTree = BUILT_PRODUCTS_DIR; };
		05269E812882C5FA003E5404 /* NutrientsCalculatorTests.swift */ = {isa = PBXFileReference; lastKnownFileType = sourcecode.swift; path = NutrientsCalculatorTests.swift; sourceTree = "<group>"; };
		05269E872882C5FA003E5404 /* NutrientsCalculatorUITests.xctest */ = {isa = PBXFileReference; explicitFileType = wrapper.cfbundle; includeInIndex = 0; path = NutrientsCalculatorUITests.xctest; sourceTree = BUILT_PRODUCTS_DIR; };
		05269E8B2882C5FA003E5404 /* NutrientsCalculatorUITests.swift */ = {isa = PBXFileReference; lastKnownFileType = sourcecode.swift; path = NutrientsCalculatorUITests.swift; sourceTree = "<group>"; };
		05269E8D2882C5FA003E5404 /* NutrientsCalculatorUITestsLaunchTests.swift */ = {isa = PBXFileReference; lastKnownFileType = sourcecode.swift; path = NutrientsCalculatorUITestsLaunchTests.swift; sourceTree = "<group>"; };
		05269E9C28832D26003E5404 /* Storage.swift */ = {isa = PBXFileReference; lastKnownFileType = sourcecode.swift; path = Storage.swift; sourceTree = "<group>"; };
		05269E9E28832D60003E5404 /* NutrientEntity.swift */ = {isa = PBXFileReference; lastKnownFileType = sourcecode.swift; path = NutrientEntity.swift; sourceTree = "<group>"; };
		05269EA028832DE8003E5404 /* NutrientRecordEntity.swift */ = {isa = PBXFileReference; lastKnownFileType = sourcecode.swift; path = NutrientRecordEntity.swift; sourceTree = "<group>"; };
		05269EA62883352C003E5404 /* OverviewView.swift */ = {isa = PBXFileReference; lastKnownFileType = sourcecode.swift; path = OverviewView.swift; sourceTree = "<group>"; };
		29667C3D177A317BF6700747 /* Pods_NutrientsCalculator.framework */ = {isa = PBXFileReference; explicitFileType = wrapper.framework; includeInIndex = 0; path = Pods_NutrientsCalculator.framework; sourceTree = BUILT_PRODUCTS_DIR; };
		3C3AE718DE3EF387B20066B9 /* Pods_NutrientsCalculatorTests.framework */ = {isa = PBXFileReference; explicitFileType = wrapper.framework; includeInIndex = 0; path = Pods_NutrientsCalculatorTests.framework; sourceTree = BUILT_PRODUCTS_DIR; };
		5F17ADBFC516253744F680BB /* Pods-NutrientsCalculatorTests.debug.xcconfig */ = {isa = PBXFileReference; includeInIndex = 1; lastKnownFileType = text.xcconfig; name = "Pods-NutrientsCalculatorTests.debug.xcconfig"; path = "Target Support Files/Pods-NutrientsCalculatorTests/Pods-NutrientsCalculatorTests.debug.xcconfig"; sourceTree = "<group>"; };
		823A2C7E4155942E79AFAEEE /* Pods-NutrientsCalculator-NutrientsCalculatorUITests.release.xcconfig */ = {isa = PBXFileReference; includeInIndex = 1; lastKnownFileType = text.xcconfig; name = "Pods-NutrientsCalculator-NutrientsCalculatorUITests.release.xcconfig"; path = "Target Support Files/Pods-NutrientsCalculator-NutrientsCalculatorUITests/Pods-NutrientsCalculator-NutrientsCalculatorUITests.release.xcconfig"; sourceTree = "<group>"; };
		881EF5D1ECD553FF001614E1 /* Pods_NutrientsCalculator_NutrientsCalculatorUITests.framework */ = {isa = PBXFileReference; explicitFileType = wrapper.framework; includeInIndex = 0; path = Pods_NutrientsCalculator_NutrientsCalculatorUITests.framework; sourceTree = BUILT_PRODUCTS_DIR; };
		A6071C7E6C9F72C596F3103F /* Pods-NutrientsCalculator.debug.xcconfig */ = {isa = PBXFileReference; includeInIndex = 1; lastKnownFileType = text.xcconfig; name = "Pods-NutrientsCalculator.debug.xcconfig"; path = "Target Support Files/Pods-NutrientsCalculator/Pods-NutrientsCalculator.debug.xcconfig"; sourceTree = "<group>"; };
		A8655AF4719BB779D27A32B2 /* Pods-NutrientsCalculator.release.xcconfig */ = {isa = PBXFileReference; includeInIndex = 1; lastKnownFileType = text.xcconfig; name = "Pods-NutrientsCalculator.release.xcconfig"; path = "Target Support Files/Pods-NutrientsCalculator/Pods-NutrientsCalculator.release.xcconfig"; sourceTree = "<group>"; };
		B65D67B245995281C2014170 /* Pods-NutrientsCalculator-NutrientsCalculatorUITests.debug.xcconfig */ = {isa = PBXFileReference; includeInIndex = 1; lastKnownFileType = text.xcconfig; name = "Pods-NutrientsCalculator-NutrientsCalculatorUITests.debug.xcconfig"; path = "Target Support Files/Pods-NutrientsCalculator-NutrientsCalculatorUITests/Pods-NutrientsCalculator-NutrientsCalculatorUITests.debug.xcconfig"; sourceTree = "<group>"; };
		BEAEAC30CC8B0CB773D5D38B /* Pods-NutrientsCalculatorTests.release.xcconfig */ = {isa = PBXFileReference; includeInIndex = 1; lastKnownFileType = text.xcconfig; name = "Pods-NutrientsCalculatorTests.release.xcconfig"; path = "Target Support Files/Pods-NutrientsCalculatorTests/Pods-NutrientsCalculatorTests.release.xcconfig"; sourceTree = "<group>"; };
/* End PBXFileReference section */

/* Begin PBXFrameworksBuildPhase section */
		05269E6A2882C5F4003E5404 /* Frameworks */ = {
			isa = PBXFrameworksBuildPhase;
			buildActionMask = 2147483647;
			files = (
				C3F32443D3B0055396D3ABD5 /* Pods_NutrientsCalculator.framework in Frameworks */,
			);
			runOnlyForDeploymentPostprocessing = 0;
		};
		05269E7A2882C5FA003E5404 /* Frameworks */ = {
			isa = PBXFrameworksBuildPhase;
			buildActionMask = 2147483647;
			files = (
				F190CCEC1C62CDD47087B38D /* Pods_NutrientsCalculatorTests.framework in Frameworks */,
			);
			runOnlyForDeploymentPostprocessing = 0;
		};
		05269E842882C5FA003E5404 /* Frameworks */ = {
			isa = PBXFrameworksBuildPhase;
			buildActionMask = 2147483647;
			files = (
				C68815164EBC3788353460BF /* Pods_NutrientsCalculator_NutrientsCalculatorUITests.framework in Frameworks */,
			);
			runOnlyForDeploymentPostprocessing = 0;
		};
/* End PBXFrameworksBuildPhase section */

/* Begin PBXGroup section */
		05269E642882C5F4003E5404 = {
			isa = PBXGroup;
			children = (
				05269E6F2882C5F4003E5404 /* NutrientsCalculator */,
				05269E802882C5FA003E5404 /* NutrientsCalculatorTests */,
				05269E8A2882C5FA003E5404 /* NutrientsCalculatorUITests */,
				05269E6E2882C5F4003E5404 /* Products */,
				2376D390095B87ED465BFA3C /* Pods */,
				DB63835471E3D30889A560B6 /* Frameworks */,
			);
			sourceTree = "<group>";
		};
		05269E6E2882C5F4003E5404 /* Products */ = {
			isa = PBXGroup;
			children = (
				05269E6D2882C5F4003E5404 /* NutrientsCalculator.app */,
				05269E7D2882C5FA003E5404 /* NutrientsCalculatorTests.xctest */,
				05269E872882C5FA003E5404 /* NutrientsCalculatorUITests.xctest */,
			);
			name = Products;
			sourceTree = "<group>";
		};
		05269E6F2882C5F4003E5404 /* NutrientsCalculator */ = {
			isa = PBXGroup;
			children = (
				05269E9A28832D0D003E5404 /* LocalStorage */,
				05269EA3288334DC003E5404 /* Modules */,
				05269EA4288334E9003E5404 /* Resources */,
				05269E702882C5F4003E5404 /* NutrientsCalculatorApp.swift */,
				05269E722882C5F4003E5404 /* ContentView.swift */,
				05269E762882C5F9003E5404 /* Preview Content */,
			);
			path = NutrientsCalculator;
			sourceTree = "<group>";
		};
		05269E762882C5F9003E5404 /* Preview Content */ = {
			isa = PBXGroup;
			children = (
				05269E772882C5F9003E5404 /* Preview Assets.xcassets */,
			);
			path = "Preview Content";
			sourceTree = "<group>";
		};
		05269E802882C5FA003E5404 /* NutrientsCalculatorTests */ = {
			isa = PBXGroup;
			children = (
				05269E812882C5FA003E5404 /* NutrientsCalculatorTests.swift */,
			);
			path = NutrientsCalculatorTests;
			sourceTree = "<group>";
		};
		05269E8A2882C5FA003E5404 /* NutrientsCalculatorUITests */ = {
			isa = PBXGroup;
			children = (
				05269E8B2882C5FA003E5404 /* NutrientsCalculatorUITests.swift */,
				05269E8D2882C5FA003E5404 /* NutrientsCalculatorUITestsLaunchTests.swift */,
			);
			path = NutrientsCalculatorUITests;
			sourceTree = "<group>";
		};
		05269E9A28832D0D003E5404 /* LocalStorage */ = {
			isa = PBXGroup;
			children = (
				05269E9B28832D19003E5404 /* Model */,
				05269E9C28832D26003E5404 /* Storage.swift */,
			);
			path = LocalStorage;
			sourceTree = "<group>";
		};
		05269E9B28832D19003E5404 /* Model */ = {
			isa = PBXGroup;
			children = (
				05269E9E28832D60003E5404 /* NutrientEntity.swift */,
				05269EA028832DE8003E5404 /* NutrientRecordEntity.swift */,
			);
			path = Model;
			sourceTree = "<group>";
		};
		05269EA3288334DC003E5404 /* Modules */ = {
			isa = PBXGroup;
			children = (
				05269EA5288334FC003E5404 /* Main */,
			);
			path = Modules;
			sourceTree = "<group>";
		};
		05269EA4288334E9003E5404 /* Resources */ = {
			isa = PBXGroup;
			children = (
				05269E742882C5F9003E5404 /* Assets.xcassets */,
			);
			path = Resources;
			sourceTree = "<group>";
		};
		05269EA5288334FC003E5404 /* Main */ = {
			isa = PBXGroup;
			children = (
				05269EA62883352C003E5404 /* OverviewView.swift */,
			);
			path = Main;
			sourceTree = "<group>";
		};
		2376D390095B87ED465BFA3C /* Pods */ = {
			isa = PBXGroup;
			children = (
				A6071C7E6C9F72C596F3103F /* Pods-NutrientsCalculator.debug.xcconfig */,
				A8655AF4719BB779D27A32B2 /* Pods-NutrientsCalculator.release.xcconfig */,
				B65D67B245995281C2014170 /* Pods-NutrientsCalculator-NutrientsCalculatorUITests.debug.xcconfig */,
				823A2C7E4155942E79AFAEEE /* Pods-NutrientsCalculator-NutrientsCalculatorUITests.release.xcconfig */,
				5F17ADBFC516253744F680BB /* Pods-NutrientsCalculatorTests.debug.xcconfig */,
				BEAEAC30CC8B0CB773D5D38B /* Pods-NutrientsCalculatorTests.release.xcconfig */,
			);
			path = Pods;
			sourceTree = "<group>";
		};
		DB63835471E3D30889A560B6 /* Frameworks */ = {
			isa = PBXGroup;
			children = (
				29667C3D177A317BF6700747 /* Pods_NutrientsCalculator.framework */,
				881EF5D1ECD553FF001614E1 /* Pods_NutrientsCalculator_NutrientsCalculatorUITests.framework */,
				3C3AE718DE3EF387B20066B9 /* Pods_NutrientsCalculatorTests.framework */,
			);
			name = Frameworks;
			sourceTree = "<group>";
		};
/* End PBXGroup section */

/* Begin PBXNativeTarget section */
		05269E6C2882C5F4003E5404 /* NutrientsCalculator */ = {
			isa = PBXNativeTarget;
			buildConfigurationList = 05269E912882C5FA003E5404 /* Build configuration list for PBXNativeTarget "NutrientsCalculator" */;
			buildPhases = (
				9034C16080BB177BB7A44A26 /* [CP] Check Pods Manifest.lock */,
				05269E692882C5F4003E5404 /* Sources */,
				05269E6A2882C5F4003E5404 /* Frameworks */,
				05269E6B2882C5F4003E5404 /* Resources */,
				034AB7F33F897014A95CB0DB /* [CP] Embed Pods Frameworks */,
			);
			buildRules = (
			);
			dependencies = (
			);
			name = NutrientsCalculator;
			productName = NutrientsCalculator;
			productReference = 05269E6D2882C5F4003E5404 /* NutrientsCalculator.app */;
			productType = "com.apple.product-type.application";
		};
		05269E7C2882C5FA003E5404 /* NutrientsCalculatorTests */ = {
			isa = PBXNativeTarget;
			buildConfigurationList = 05269E942882C5FA003E5404 /* Build configuration list for PBXNativeTarget "NutrientsCalculatorTests" */;
			buildPhases = (
				1213D452F45E6EFAA7D48A16 /* [CP] Check Pods Manifest.lock */,
				05269E792882C5FA003E5404 /* Sources */,
				05269E7A2882C5FA003E5404 /* Frameworks */,
				05269E7B2882C5FA003E5404 /* Resources */,
			);
			buildRules = (
			);
			dependencies = (
				05269E7F2882C5FA003E5404 /* PBXTargetDependency */,
			);
			name = NutrientsCalculatorTests;
			productName = NutrientsCalculatorTests;
			productReference = 05269E7D2882C5FA003E5404 /* NutrientsCalculatorTests.xctest */;
			productType = "com.apple.product-type.bundle.unit-test";
		};
		05269E862882C5FA003E5404 /* NutrientsCalculatorUITests */ = {
			isa = PBXNativeTarget;
			buildConfigurationList = 05269E972882C5FA003E5404 /* Build configuration list for PBXNativeTarget "NutrientsCalculatorUITests" */;
			buildPhases = (
				2D611289902B10CF01FC4ECB /* [CP] Check Pods Manifest.lock */,
				05269E832882C5FA003E5404 /* Sources */,
				05269E842882C5FA003E5404 /* Frameworks */,
				05269E852882C5FA003E5404 /* Resources */,
				E54C091AE55409F497F4E743 /* [CP] Embed Pods Frameworks */,
			);
			buildRules = (
			);
			dependencies = (
				05269E892882C5FA003E5404 /* PBXTargetDependency */,
			);
			name = NutrientsCalculatorUITests;
			productName = NutrientsCalculatorUITests;
			productReference = 05269E872882C5FA003E5404 /* NutrientsCalculatorUITests.xctest */;
			productType = "com.apple.product-type.bundle.ui-testing";
		};
/* End PBXNativeTarget section */

/* Begin PBXProject section */
		05269E652882C5F4003E5404 /* Project object */ = {
			isa = PBXProject;
			attributes = {
				BuildIndependentTargetsInParallel = 1;
				LastSwiftUpdateCheck = 1320;
				LastUpgradeCheck = 1320;
				TargetAttributes = {
					05269E6C2882C5F4003E5404 = {
						CreatedOnToolsVersion = 13.2.1;
					};
					05269E7C2882C5FA003E5404 = {
						CreatedOnToolsVersion = 13.2.1;
						TestTargetID = 05269E6C2882C5F4003E5404;
					};
					05269E862882C5FA003E5404 = {
						CreatedOnToolsVersion = 13.2.1;
						TestTargetID = 05269E6C2882C5F4003E5404;
					};
				};
			};
			buildConfigurationList = 05269E682882C5F4003E5404 /* Build configuration list for PBXProject "NutrientsCalculator" */;
			compatibilityVersion = "Xcode 13.0";
			developmentRegion = en;
			hasScannedForEncodings = 0;
			knownRegions = (
				en,
				Base,
			);
			mainGroup = 05269E642882C5F4003E5404;
			productRefGroup = 05269E6E2882C5F4003E5404 /* Products */;
			projectDirPath = "";
			projectRoot = "";
			targets = (
				05269E6C2882C5F4003E5404 /* NutrientsCalculator */,
				05269E7C2882C5FA003E5404 /* NutrientsCalculatorTests */,
				05269E862882C5FA003E5404 /* NutrientsCalculatorUITests */,
			);
		};
/* End PBXProject section */

/* Begin PBXResourcesBuildPhase section */
		05269E6B2882C5F4003E5404 /* Resources */ = {
			isa = PBXResourcesBuildPhase;
			buildActionMask = 2147483647;
			files = (
				05269E782882C5F9003E5404 /* Preview Assets.xcassets in Resources */,
				05269E752882C5F9003E5404 /* Assets.xcassets in Resources */,
			);
			runOnlyForDeploymentPostprocessing = 0;
		};
		05269E7B2882C5FA003E5404 /* Resources */ = {
			isa = PBXResourcesBuildPhase;
			buildActionMask = 2147483647;
			files = (
			);
			runOnlyForDeploymentPostprocessing = 0;
		};
		05269E852882C5FA003E5404 /* Resources */ = {
			isa = PBXResourcesBuildPhase;
			buildActionMask = 2147483647;
			files = (
			);
			runOnlyForDeploymentPostprocessing = 0;
		};
/* End PBXResourcesBuildPhase section */

/* Begin PBXShellScriptBuildPhase section */
		034AB7F33F897014A95CB0DB /* [CP] Embed Pods Frameworks */ = {
			isa = PBXShellScriptBuildPhase;
			buildActionMask = 2147483647;
			files = (
			);
			inputFileListPaths = (
				"${PODS_ROOT}/Target Support Files/Pods-NutrientsCalculator/Pods-NutrientsCalculator-frameworks-${CONFIGURATION}-input-files.xcfilelist",
			);
			name = "[CP] Embed Pods Frameworks";
			outputFileListPaths = (
				"${PODS_ROOT}/Target Support Files/Pods-NutrientsCalculator/Pods-NutrientsCalculator-frameworks-${CONFIGURATION}-output-files.xcfilelist",
			);
			runOnlyForDeploymentPostprocessing = 0;
			shellPath = /bin/sh;
			shellScript = "\"${PODS_ROOT}/Target Support Files/Pods-NutrientsCalculator/Pods-NutrientsCalculator-frameworks.sh\"\n";
			showEnvVarsInLog = 0;
		};
		1213D452F45E6EFAA7D48A16 /* [CP] Check Pods Manifest.lock */ = {
			isa = PBXShellScriptBuildPhase;
			buildActionMask = 2147483647;
			files = (
			);
			inputFileListPaths = (
			);
			inputPaths = (
				"${PODS_PODFILE_DIR_PATH}/Podfile.lock",
				"${PODS_ROOT}/Manifest.lock",
			);
			name = "[CP] Check Pods Manifest.lock";
			outputFileListPaths = (
			);
			outputPaths = (
				"$(DERIVED_FILE_DIR)/Pods-NutrientsCalculatorTests-checkManifestLockResult.txt",
			);
			runOnlyForDeploymentPostprocessing = 0;
			shellPath = /bin/sh;
			shellScript = "diff \"${PODS_PODFILE_DIR_PATH}/Podfile.lock\" \"${PODS_ROOT}/Manifest.lock\" > /dev/null\nif [ $? != 0 ] ; then\n    # print error to STDERR\n    echo \"error: The sandbox is not in sync with the Podfile.lock. Run 'pod install' or update your CocoaPods installation.\" >&2\n    exit 1\nfi\n# This output is used by Xcode 'outputs' to avoid re-running this script phase.\necho \"SUCCESS\" > \"${SCRIPT_OUTPUT_FILE_0}\"\n";
			showEnvVarsInLog = 0;
		};
		2D611289902B10CF01FC4ECB /* [CP] Check Pods Manifest.lock */ = {
			isa = PBXShellScriptBuildPhase;
			buildActionMask = 2147483647;
			files = (
			);
			inputFileListPaths = (
			);
			inputPaths = (
				"${PODS_PODFILE_DIR_PATH}/Podfile.lock",
				"${PODS_ROOT}/Manifest.lock",
			);
			name = "[CP] Check Pods Manifest.lock";
			outputFileListPaths = (
			);
			outputPaths = (
				"$(DERIVED_FILE_DIR)/Pods-NutrientsCalculator-NutrientsCalculatorUITests-checkManifestLockResult.txt",
			);
			runOnlyForDeploymentPostprocessing = 0;
			shellPath = /bin/sh;
			shellScript = "diff \"${PODS_PODFILE_DIR_PATH}/Podfile.lock\" \"${PODS_ROOT}/Manifest.lock\" > /dev/null\nif [ $? != 0 ] ; then\n    # print error to STDERR\n    echo \"error: The sandbox is not in sync with the Podfile.lock. Run 'pod install' or update your CocoaPods installation.\" >&2\n    exit 1\nfi\n# This output is used by Xcode 'outputs' to avoid re-running this script phase.\necho \"SUCCESS\" > \"${SCRIPT_OUTPUT_FILE_0}\"\n";
			showEnvVarsInLog = 0;
		};
		9034C16080BB177BB7A44A26 /* [CP] Check Pods Manifest.lock */ = {
			isa = PBXShellScriptBuildPhase;
			buildActionMask = 2147483647;
			files = (
			);
			inputFileListPaths = (
			);
			inputPaths = (
				"${PODS_PODFILE_DIR_PATH}/Podfile.lock",
				"${PODS_ROOT}/Manifest.lock",
			);
			name = "[CP] Check Pods Manifest.lock";
			outputFileListPaths = (
			);
			outputPaths = (
				"$(DERIVED_FILE_DIR)/Pods-NutrientsCalculator-checkManifestLockResult.txt",
			);
			runOnlyForDeploymentPostprocessing = 0;
			shellPath = /bin/sh;
			shellScript = "diff \"${PODS_PODFILE_DIR_PATH}/Podfile.lock\" \"${PODS_ROOT}/Manifest.lock\" > /dev/null\nif [ $? != 0 ] ; then\n    # print error to STDERR\n    echo \"error: The sandbox is not in sync with the Podfile.lock. Run 'pod install' or update your CocoaPods installation.\" >&2\n    exit 1\nfi\n# This output is used by Xcode 'outputs' to avoid re-running this script phase.\necho \"SUCCESS\" > \"${SCRIPT_OUTPUT_FILE_0}\"\n";
			showEnvVarsInLog = 0;
		};
		E54C091AE55409F497F4E743 /* [CP] Embed Pods Frameworks */ = {
			isa = PBXShellScriptBuildPhase;
			buildActionMask = 2147483647;
			files = (
			);
			inputFileListPaths = (
				"${PODS_ROOT}/Target Support Files/Pods-NutrientsCalculator-NutrientsCalculatorUITests/Pods-NutrientsCalculator-NutrientsCalculatorUITests-frameworks-${CONFIGURATION}-input-files.xcfilelist",
			);
			name = "[CP] Embed Pods Frameworks";
			outputFileListPaths = (
				"${PODS_ROOT}/Target Support Files/Pods-NutrientsCalculator-NutrientsCalculatorUITests/Pods-NutrientsCalculator-NutrientsCalculatorUITests-frameworks-${CONFIGURATION}-output-files.xcfilelist",
			);
			runOnlyForDeploymentPostprocessing = 0;
			shellPath = /bin/sh;
			shellScript = "\"${PODS_ROOT}/Target Support Files/Pods-NutrientsCalculator-NutrientsCalculatorUITests/Pods-NutrientsCalculator-NutrientsCalculatorUITests-frameworks.sh\"\n";
			showEnvVarsInLog = 0;
		};
/* End PBXShellScriptBuildPhase section */

/* Begin PBXSourcesBuildPhase section */
		05269E692882C5F4003E5404 /* Sources */ = {
			isa = PBXSourcesBuildPhase;
			buildActionMask = 2147483647;
			files = (
				05269E732882C5F4003E5404 /* ContentView.swift in Sources */,
				05269EA72883352C003E5404 /* OverviewView.swift in Sources */,
				05269E712882C5F4003E5404 /* NutrientsCalculatorApp.swift in Sources */,
				05269EA128832DE8003E5404 /* NutrientRecordEntity.swift in Sources */,
				05269E9F28832D60003E5404 /* NutrientEntity.swift in Sources */,
				05269E9D28832D26003E5404 /* Storage.swift in Sources */,
			);
			runOnlyForDeploymentPostprocessing = 0;
		};
		05269E792882C5FA003E5404 /* Sources */ = {
			isa = PBXSourcesBuildPhase;
			buildActionMask = 2147483647;
			files = (
				05269E822882C5FA003E5404 /* NutrientsCalculatorTests.swift in Sources */,
			);
			runOnlyForDeploymentPostprocessing = 0;
		};
		05269E832882C5FA003E5404 /* Sources */ = {
			isa = PBXSourcesBuildPhase;
			buildActionMask = 2147483647;
			files = (
				05269E8C2882C5FA003E5404 /* NutrientsCalculatorUITests.swift in Sources */,
				05269E8E2882C5FA003E5404 /* NutrientsCalculatorUITestsLaunchTests.swift in Sources */,
			);
			runOnlyForDeploymentPostprocessing = 0;
		};
/* End PBXSourcesBuildPhase section */

/* Begin PBXTargetDependency section */
		05269E7F2882C5FA003E5404 /* PBXTargetDependency */ = {
			isa = PBXTargetDependency;
			target = 05269E6C2882C5F4003E5404 /* NutrientsCalculator */;
			targetProxy = 05269E7E2882C5FA003E5404 /* PBXContainerItemProxy */;
		};
		05269E892882C5FA003E5404 /* PBXTargetDependency */ = {
			isa = PBXTargetDependency;
			target = 05269E6C2882C5F4003E5404 /* NutrientsCalculator */;
			targetProxy = 05269E882882C5FA003E5404 /* PBXContainerItemProxy */;
		};
/* End PBXTargetDependency section */

/* Begin XCBuildConfiguration section */
		05269E8F2882C5FA003E5404 /* Debug */ = {
			isa = XCBuildConfiguration;
			buildSettings = {
				ALWAYS_SEARCH_USER_PATHS = NO;
				CLANG_ANALYZER_NONNULL = YES;
				CLANG_ANALYZER_NUMBER_OBJECT_CONVERSION = YES_AGGRESSIVE;
				CLANG_CXX_LANGUAGE_STANDARD = "gnu++17";
				CLANG_CXX_LIBRARY = "libc++";
				CLANG_ENABLE_MODULES = YES;
				CLANG_ENABLE_OBJC_ARC = YES;
				CLANG_ENABLE_OBJC_WEAK = YES;
				CLANG_WARN_BLOCK_CAPTURE_AUTORELEASING = YES;
				CLANG_WARN_BOOL_CONVERSION = YES;
				CLANG_WARN_COMMA = YES;
				CLANG_WARN_CONSTANT_CONVERSION = YES;
				CLANG_WARN_DEPRECATED_OBJC_IMPLEMENTATIONS = YES;
				CLANG_WARN_DIRECT_OBJC_ISA_USAGE = YES_ERROR;
				CLANG_WARN_DOCUMENTATION_COMMENTS = YES;
				CLANG_WARN_EMPTY_BODY = YES;
				CLANG_WARN_ENUM_CONVERSION = YES;
				CLANG_WARN_INFINITE_RECURSION = YES;
				CLANG_WARN_INT_CONVERSION = YES;
				CLANG_WARN_NON_LITERAL_NULL_CONVERSION = YES;
				CLANG_WARN_OBJC_IMPLICIT_RETAIN_SELF = YES;
				CLANG_WARN_OBJC_LITERAL_CONVERSION = YES;
				CLANG_WARN_OBJC_ROOT_CLASS = YES_ERROR;
				CLANG_WARN_QUOTED_INCLUDE_IN_FRAMEWORK_HEADER = YES;
				CLANG_WARN_RANGE_LOOP_ANALYSIS = YES;
				CLANG_WARN_STRICT_PROTOTYPES = YES;
				CLANG_WARN_SUSPICIOUS_MOVE = YES;
				CLANG_WARN_UNGUARDED_AVAILABILITY = YES_AGGRESSIVE;
				CLANG_WARN_UNREACHABLE_CODE = YES;
				CLANG_WARN__DUPLICATE_METHOD_MATCH = YES;
				COPY_PHASE_STRIP = NO;
				DEBUG_INFORMATION_FORMAT = dwarf;
				ENABLE_STRICT_OBJC_MSGSEND = YES;
				ENABLE_TESTABILITY = YES;
				GCC_C_LANGUAGE_STANDARD = gnu11;
				GCC_DYNAMIC_NO_PIC = NO;
				GCC_NO_COMMON_BLOCKS = YES;
				GCC_OPTIMIZATION_LEVEL = 0;
				GCC_PREPROCESSOR_DEFINITIONS = (
					"DEBUG=1",
					"$(inherited)",
				);
				GCC_WARN_64_TO_32_BIT_CONVERSION = YES;
				GCC_WARN_ABOUT_RETURN_TYPE = YES_ERROR;
				GCC_WARN_UNDECLARED_SELECTOR = YES;
				GCC_WARN_UNINITIALIZED_AUTOS = YES_AGGRESSIVE;
				GCC_WARN_UNUSED_FUNCTION = YES;
				GCC_WARN_UNUSED_VARIABLE = YES;
				IPHONEOS_DEPLOYMENT_TARGET = 15.2;
				MTL_ENABLE_DEBUG_INFO = INCLUDE_SOURCE;
				MTL_FAST_MATH = YES;
				ONLY_ACTIVE_ARCH = YES;
				SDKROOT = iphoneos;
				SWIFT_ACTIVE_COMPILATION_CONDITIONS = DEBUG;
				SWIFT_OPTIMIZATION_LEVEL = "-Onone";
			};
			name = Debug;
		};
		05269E902882C5FA003E5404 /* Release */ = {
			isa = XCBuildConfiguration;
			buildSettings = {
				ALWAYS_SEARCH_USER_PATHS = NO;
				CLANG_ANALYZER_NONNULL = YES;
				CLANG_ANALYZER_NUMBER_OBJECT_CONVERSION = YES_AGGRESSIVE;
				CLANG_CXX_LANGUAGE_STANDARD = "gnu++17";
				CLANG_CXX_LIBRARY = "libc++";
				CLANG_ENABLE_MODULES = YES;
				CLANG_ENABLE_OBJC_ARC = YES;
				CLANG_ENABLE_OBJC_WEAK = YES;
				CLANG_WARN_BLOCK_CAPTURE_AUTORELEASING = YES;
				CLANG_WARN_BOOL_CONVERSION = YES;
				CLANG_WARN_COMMA = YES;
				CLANG_WARN_CONSTANT_CONVERSION = YES;
				CLANG_WARN_DEPRECATED_OBJC_IMPLEMENTATIONS = YES;
				CLANG_WARN_DIRECT_OBJC_ISA_USAGE = YES_ERROR;
				CLANG_WARN_DOCUMENTATION_COMMENTS = YES;
				CLANG_WARN_EMPTY_BODY = YES;
				CLANG_WARN_ENUM_CONVERSION = YES;
				CLANG_WARN_INFINITE_RECURSION = YES;
				CLANG_WARN_INT_CONVERSION = YES;
				CLANG_WARN_NON_LITERAL_NULL_CONVERSION = YES;
				CLANG_WARN_OBJC_IMPLICIT_RETAIN_SELF = YES;
				CLANG_WARN_OBJC_LITERAL_CONVERSION = YES;
				CLANG_WARN_OBJC_ROOT_CLASS = YES_ERROR;
				CLANG_WARN_QUOTED_INCLUDE_IN_FRAMEWORK_HEADER = YES;
				CLANG_WARN_RANGE_LOOP_ANALYSIS = YES;
				CLANG_WARN_STRICT_PROTOTYPES = YES;
				CLANG_WARN_SUSPICIOUS_MOVE = YES;
				CLANG_WARN_UNGUARDED_AVAILABILITY = YES_AGGRESSIVE;
				CLANG_WARN_UNREACHABLE_CODE = YES;
				CLANG_WARN__DUPLICATE_METHOD_MATCH = YES;
				COPY_PHASE_STRIP = NO;
				DEBUG_INFORMATION_FORMAT = "dwarf-with-dsym";
				ENABLE_NS_ASSERTIONS = NO;
				ENABLE_STRICT_OBJC_MSGSEND = YES;
				GCC_C_LANGUAGE_STANDARD = gnu11;
				GCC_NO_COMMON_BLOCKS = YES;
				GCC_WARN_64_TO_32_BIT_CONVERSION = YES;
				GCC_WARN_ABOUT_RETURN_TYPE = YES_ERROR;
				GCC_WARN_UNDECLARED_SELECTOR = YES;
				GCC_WARN_UNINITIALIZED_AUTOS = YES_AGGRESSIVE;
				GCC_WARN_UNUSED_FUNCTION = YES;
				GCC_WARN_UNUSED_VARIABLE = YES;
				IPHONEOS_DEPLOYMENT_TARGET = 15.2;
				MTL_ENABLE_DEBUG_INFO = NO;
				MTL_FAST_MATH = YES;
				SDKROOT = iphoneos;
				SWIFT_COMPILATION_MODE = wholemodule;
				SWIFT_OPTIMIZATION_LEVEL = "-O";
				VALIDATE_PRODUCT = YES;
			};
			name = Release;
		};
		05269E922882C5FA003E5404 /* Debug */ = {
			isa = XCBuildConfiguration;
			baseConfigurationReference = A6071C7E6C9F72C596F3103F /* Pods-NutrientsCalculator.debug.xcconfig */;
			buildSettings = {
				ASSETCATALOG_COMPILER_APPICON_NAME = AppIcon;
				ASSETCATALOG_COMPILER_GLOBAL_ACCENT_COLOR_NAME = AccentColor;
				CODE_SIGN_STYLE = Automatic;
				CURRENT_PROJECT_VERSION = 1;
				DEVELOPMENT_ASSET_PATHS = "\"NutrientsCalculator/Preview Content\"";
				DEVELOPMENT_TEAM = HPW5BU269Z;
				ENABLE_PREVIEWS = YES;
				GENERATE_INFOPLIST_FILE = YES;
				INFOPLIST_KEY_UIApplicationSceneManifest_Generation = YES;
				INFOPLIST_KEY_UIApplicationSupportsIndirectInputEvents = YES;
				INFOPLIST_KEY_UILaunchScreen_Generation = YES;
				INFOPLIST_KEY_UISupportedInterfaceOrientations_iPad = "UIInterfaceOrientationPortrait UIInterfaceOrientationPortraitUpsideDown UIInterfaceOrientationLandscapeLeft UIInterfaceOrientationLandscapeRight";
				INFOPLIST_KEY_UISupportedInterfaceOrientations_iPhone = "UIInterfaceOrientationPortrait UIInterfaceOrientationLandscapeLeft UIInterfaceOrientationLandscapeRight";
				LD_RUNPATH_SEARCH_PATHS = (
					"$(inherited)",
					"@executable_path/Frameworks",
				);
				MARKETING_VERSION = 1.0;
				PRODUCT_BUNDLE_IDENTIFIER = hope.com.NutrientsCalculator;
				PRODUCT_NAME = "$(TARGET_NAME)";
				SWIFT_EMIT_LOC_STRINGS = YES;
				SWIFT_VERSION = 5.0;
				TARGETED_DEVICE_FAMILY = "1,2";
			};
			name = Debug;
		};
		05269E932882C5FA003E5404 /* Release */ = {
			isa = XCBuildConfiguration;
			baseConfigurationReference = A8655AF4719BB779D27A32B2 /* Pods-NutrientsCalculator.release.xcconfig */;
			buildSettings = {
				ASSETCATALOG_COMPILER_APPICON_NAME = AppIcon;
				ASSETCATALOG_COMPILER_GLOBAL_ACCENT_COLOR_NAME = AccentColor;
				CODE_SIGN_STYLE = Automatic;
				CURRENT_PROJECT_VERSION = 1;
				DEVELOPMENT_ASSET_PATHS = "\"NutrientsCalculator/Preview Content\"";
				DEVELOPMENT_TEAM = HPW5BU269Z;
				ENABLE_PREVIEWS = YES;
				GENERATE_INFOPLIST_FILE = YES;
				INFOPLIST_KEY_UIApplicationSceneManifest_Generation = YES;
				INFOPLIST_KEY_UIApplicationSupportsIndirectInputEvents = YES;
				INFOPLIST_KEY_UILaunchScreen_Generation = YES;
				INFOPLIST_KEY_UISupportedInterfaceOrientations_iPad = "UIInterfaceOrientationPortrait UIInterfaceOrientationPortraitUpsideDown UIInterfaceOrientationLandscapeLeft UIInterfaceOrientationLandscapeRight";
				INFOPLIST_KEY_UISupportedInterfaceOrientations_iPhone = "UIInterfaceOrientationPortrait UIInterfaceOrientationLandscapeLeft UIInterfaceOrientationLandscapeRight";
				LD_RUNPATH_SEARCH_PATHS = (
					"$(inherited)",
					"@executable_path/Frameworks",
				);
				MARKETING_VERSION = 1.0;
				PRODUCT_BUNDLE_IDENTIFIER = hope.com.NutrientsCalculator;
				PRODUCT_NAME = "$(TARGET_NAME)";
				SWIFT_EMIT_LOC_STRINGS = YES;
				SWIFT_VERSION = 5.0;
				TARGETED_DEVICE_FAMILY = "1,2";
			};
			name = Release;
		};
		05269E952882C5FA003E5404 /* Debug */ = {
			isa = XCBuildConfiguration;
			baseConfigurationReference = 5F17ADBFC516253744F680BB /* Pods-NutrientsCalculatorTests.debug.xcconfig */;
			buildSettings = {
				ALWAYS_EMBED_SWIFT_STANDARD_LIBRARIES = YES;
				BUNDLE_LOADER = "$(TEST_HOST)";
				CODE_SIGN_STYLE = Automatic;
				CURRENT_PROJECT_VERSION = 1;
				DEVELOPMENT_TEAM = HPW5BU269Z;
				GENERATE_INFOPLIST_FILE = YES;
				IPHONEOS_DEPLOYMENT_TARGET = 15.2;
				MARKETING_VERSION = 1.0;
				PRODUCT_BUNDLE_IDENTIFIER = hope.com.NutrientsCalculatorTests;
				PRODUCT_NAME = "$(TARGET_NAME)";
				SWIFT_EMIT_LOC_STRINGS = NO;
				SWIFT_VERSION = 5.0;
				TARGETED_DEVICE_FAMILY = "1,2";
				TEST_HOST = "$(BUILT_PRODUCTS_DIR)/NutrientsCalculator.app/NutrientsCalculator";
			};
			name = Debug;
		};
		05269E962882C5FA003E5404 /* Release */ = {
			isa = XCBuildConfiguration;
			baseConfigurationReference = BEAEAC30CC8B0CB773D5D38B /* Pods-NutrientsCalculatorTests.release.xcconfig */;
			buildSettings = {
				ALWAYS_EMBED_SWIFT_STANDARD_LIBRARIES = YES;
				BUNDLE_LOADER = "$(TEST_HOST)";
				CODE_SIGN_STYLE = Automatic;
				CURRENT_PROJECT_VERSION = 1;
				DEVELOPMENT_TEAM = HPW5BU269Z;
				GENERATE_INFOPLIST_FILE = YES;
				IPHONEOS_DEPLOYMENT_TARGET = 15.2;
				MARKETING_VERSION = 1.0;
				PRODUCT_BUNDLE_IDENTIFIER = hope.com.NutrientsCalculatorTests;
				PRODUCT_NAME = "$(TARGET_NAME)";
				SWIFT_EMIT_LOC_STRINGS = NO;
				SWIFT_VERSION = 5.0;
				TARGETED_DEVICE_FAMILY = "1,2";
				TEST_HOST = "$(BUILT_PRODUCTS_DIR)/NutrientsCalculator.app/NutrientsCalculator";
			};
			name = Release;
		};
		05269E982882C5FA003E5404 /* Debug */ = {
			isa = XCBuildConfiguration;
			baseConfigurationReference = B65D67B245995281C2014170 /* Pods-NutrientsCalculator-NutrientsCalculatorUITests.debug.xcconfig */;
			buildSettings = {
				ALWAYS_EMBED_SWIFT_STANDARD_LIBRARIES = YES;
				CODE_SIGN_STYLE = Automatic;
				CURRENT_PROJECT_VERSION = 1;
				DEVELOPMENT_TEAM = HPW5BU269Z;
				GENERATE_INFOPLIST_FILE = YES;
				MARKETING_VERSION = 1.0;
				PRODUCT_BUNDLE_IDENTIFIER = hope.com.NutrientsCalculatorUITests;
				PRODUCT_NAME = "$(TARGET_NAME)";
				SWIFT_EMIT_LOC_STRINGS = NO;
				SWIFT_VERSION = 5.0;
				TARGETED_DEVICE_FAMILY = "1,2";
				TEST_TARGET_NAME = NutrientsCalculator;
			};
			name = Debug;
		};
		05269E992882C5FA003E5404 /* Release */ = {
			isa = XCBuildConfiguration;
			baseConfigurationReference = 823A2C7E4155942E79AFAEEE /* Pods-NutrientsCalculator-NutrientsCalculatorUITests.release.xcconfig */;
			buildSettings = {
				ALWAYS_EMBED_SWIFT_STANDARD_LIBRARIES = YES;
				CODE_SIGN_STYLE = Automatic;
				CURRENT_PROJECT_VERSION = 1;
				DEVELOPMENT_TEAM = HPW5BU269Z;
				GENERATE_INFOPLIST_FILE = YES;
				MARKETING_VERSION = 1.0;
				PRODUCT_BUNDLE_IDENTIFIER = hope.com.NutrientsCalculatorUITests;
				PRODUCT_NAME = "$(TARGET_NAME)";
				SWIFT_EMIT_LOC_STRINGS = NO;
				SWIFT_VERSION = 5.0;
				TARGETED_DEVICE_FAMILY = "1,2";
				TEST_TARGET_NAME = NutrientsCalculator;
			};
			name = Release;
		};
/* End XCBuildConfiguration section */

/* Begin XCConfigurationList section */
		05269E682882C5F4003E5404 /* Build configuration list for PBXProject "NutrientsCalculator" */ = {
			isa = XCConfigurationList;
			buildConfigurations = (
				05269E8F2882C5FA003E5404 /* Debug */,
				05269E902882C5FA003E5404 /* Release */,
			);
			defaultConfigurationIsVisible = 0;
			defaultConfigurationName = Release;
		};
		05269E912882C5FA003E5404 /* Build configuration list for PBXNativeTarget "NutrientsCalculator" */ = {
			isa = XCConfigurationList;
			buildConfigurations = (
				05269E922882C5FA003E5404 /* Debug */,
				05269E932882C5FA003E5404 /* Release */,
			);
			defaultConfigurationIsVisible = 0;
			defaultConfigurationName = Release;
		};
		05269E942882C5FA003E5404 /* Build configuration list for PBXNativeTarget "NutrientsCalculatorTests" */ = {
			isa = XCConfigurationList;
			buildConfigurations = (
				05269E952882C5FA003E5404 /* Debug */,
				05269E962882C5FA003E5404 /* Release */,
			);
			defaultConfigurationIsVisible = 0;
			defaultConfigurationName = Release;
		};
		05269E972882C5FA003E5404 /* Build configuration list for PBXNativeTarget "NutrientsCalculatorUITests" */ = {
			isa = XCConfigurationList;
			buildConfigurations = (
				05269E982882C5FA003E5404 /* Debug */,
				05269E992882C5FA003E5404 /* Release */,
			);
			defaultConfigurationIsVisible = 0;
			defaultConfigurationName = Release;
		};
/* End XCConfigurationList section */
	};
	rootObject = 05269E652882C5F4003E5404 /* Project object */;
}
